
Microsoft Visual Studio Solution File, Format Version 12.00
# Visual Studio Version 17
VisualStudioVersion = 17.0.32014.148
MinimumVisualStudioVersion = 10.0.40219.1
Project("{FAE04EC0-301F-11D3-BF4B-00C04F79EFBC}") = "Age_calculator", "Age_calculator\Age_calculator.csproj", "{87E49A45-4DF8-484C-98D2-83BDE4F7B924}"
EndProject
Global
	GlobalSection(SolutionConfigurationPlatforms) = preSolution
		Debug|Any CPU = Debug|Any CPU
		Release|Any CPU = Release|Any CPU
	EndGlobalSection
	GlobalSection(ProjectConfigurationPlatforms) = postSolution
		{87E49A45-4DF8-484C-98D2-83BDE4F7B924}.Debug|Any CPU.ActiveCfg = Debug|Any CPU
		{87E49A45-4DF8-484C-98D2-83BDE4F7B924}.Debug|Any CPU.Build.0 = Debug|Any CPU
		{87E49A45-4DF8-484C-98D2-83BDE4F7B924}.Release|Any CPU.ActiveCfg = Release|Any CPU
		{87E49A45-4DF8-484C-98D2-83BDE4F7B924}.Release|Any CPU.Build.0 = Release|Any CPU
	EndGlobalSection
	GlobalSection(SolutionProperties) = preSolution
		HideSolutionNode = FALSE
	EndGlobalSection
	GlobalSection(ExtensibilityGlobals) = postSolution
		SolutionGuid = {84632EC7-50F8-498D-8B96-A269822B9A3D}
	EndGlobalSection
EndGlobal
